
Microsoft Visual Studio Solution File, Format Version 12.00
# Visual Studio Version 17
VisualStudioVersion = 17.13.35931.197 d17.13
MinimumVisualStudioVersion = 10.0.40219.1
Project("{FAE04EC0-301F-11D3-BF4B-00C04F79EFBC}") = "SemanticSearchAPI", "SemanticSearchAPI\SemanticSearchAPI.csproj", "{D60F9E03-CE56-4BF5-AB1B-F6904E8AE2C7}"
EndProject
Global
	GlobalSection(SolutionConfigurationPlatforms) = preSolution
		Debug|Any CPU = Debug|Any CPU
		Release|Any CPU = Release|Any CPU
	EndGlobalSection
	GlobalSection(ProjectConfigurationPlatforms) = postSolution
		{D60F9E03-CE56-4BF5-AB1B-F6904E8AE2C7}.Debug|Any CPU.ActiveCfg = Debug|Any CPU
		{D60F9E03-CE56-4BF5-AB1B-F6904E8AE2C7}.Debug|Any CPU.Build.0 = Debug|Any CPU
		{D60F9E03-CE56-4BF5-AB1B-F6904E8AE2C7}.Release|Any CPU.ActiveCfg = Release|Any CPU
		{D60F9E03-CE56-4BF5-AB1B-F6904E8AE2C7}.Release|Any CPU.Build.0 = Release|Any CPU
	EndGlobalSection
	GlobalSection(SolutionProperties) = preSolution
		HideSolutionNode = FALSE
	EndGlobalSection
	GlobalSection(ExtensibilityGlobals) = postSolution
		SolutionGuid = {D69A4DDC-F739-44EE-A39B-D2C776B8183E}
	EndGlobalSection
EndGlobal
